
Microsoft Visual Studio Solution File, Format Version 12.00
# Visual Studio Version 17
VisualStudioVersion = 17.5.33530.505
MinimumVisualStudioVersion = 10.0.40219.1
Project("{FAE04EC0-301F-11D3-BF4B-00C04F79EFBC}") = "Ejemplo1", "Ejemplo1\Ejemplo1.csproj", "{785722B6-A63F-4DB9-AB26-E07CD8A79903}"
EndProject
Global
	GlobalSection(SolutionConfigurationPlatforms) = preSolution
		Debug|Any CPU = Debug|Any CPU
		Release|Any CPU = Release|Any CPU
	EndGlobalSection
	GlobalSection(ProjectConfigurationPlatforms) = postSolution
		{785722B6-A63F-4DB9-AB26-E07CD8A79903}.Debug|Any CPU.ActiveCfg = Debug|Any CPU
		{785722B6-A63F-4DB9-AB26-E07CD8A79903}.Debug|Any CPU.Build.0 = Debug|Any CPU
		{785722B6-A63F-4DB9-AB26-E07CD8A79903}.Release|Any CPU.ActiveCfg = Release|Any CPU
		{785722B6-A63F-4DB9-AB26-E07CD8A79903}.Release|Any CPU.Build.0 = Release|Any CPU
	EndGlobalSection
	GlobalSection(SolutionProperties) = preSolution
		HideSolutionNode = FALSE
	EndGlobalSection
	GlobalSection(ExtensibilityGlobals) = postSolution
		SolutionGuid = {50F81198-6BD4-4C7D-86AD-F043B5D1A829}
	EndGlobalSection
EndGlobal
